{
  "requires": true,
  "lockfileVersion": 1,
  "dependencies": {
    "forwarded-parse": {
      "version": "2.1.0",
      "resolved": "https://registry.npmjs.org/forwarded-parse/-/forwarded-parse-2.1.0.tgz",
      "integrity": "sha512-as9a7Xelt0CvdUy7/qxrY73dZq2vMx49F556fwjjFrUyzq5uHHfeLgD2cCq/6P4ZvusGZzjD6aL2NdgGdS5Cew=="
    },
    "original-url": {
      "version": "1.2.3",
      "resolved": "https://registry.npmjs.org/original-url/-/original-url-1.2.3.tgz",
      "integrity": "sha512-BYm+pKYLtS4mVe/mgT3YKGtWV5HzN/XKiaIu1aK4rsxyjuHeTW9N+xVBEpJcY1onB3nccfH0RbzUEoimMqFUHQ==",
      "requires": {
        "forwarded-parse": "^2.1.0"
      }
    }
  }
}
